
Microsoft Visual Studio Solution File, Format Version 12.00
# Visual Studio Version 17
VisualStudioVersion = 17.3.32825.248
MinimumVisualStudioVersion = 10.0.40219.1
Project("{8BC9CEB8-8B4A-11D0-8D11-00A0C91BC942}") = "лаба 1", "лаба 1.vcxproj", "{D3ED51C2-1769-4AC6-96B1-A387D00876B8}"
EndProject
Global
	GlobalSection(SolutionConfigurationPlatforms) = preSolution
		Debug|x64 = Debug|x64
		Debug|x86 = Debug|x86
		Release|x64 = Release|x64
		Release|x86 = Release|x86
	EndGlobalSection
	GlobalSection(ProjectConfigurationPlatforms) = postSolution
		{D3ED51C2-1769-4AC6-96B1-A387D00876B8}.Debug|x64.ActiveCfg = Debug|x64
		{D3ED51C2-1769-4AC6-96B1-A387D00876B8}.Debug|x64.Build.0 = Debug|x64
		{D3ED51C2-1769-4AC6-96B1-A387D00876B8}.Debug|x86.ActiveCfg = Debug|Win32
		{D3ED51C2-1769-4AC6-96B1-A387D00876B8}.Debug|x86.Build.0 = Debug|Win32
		{D3ED51C2-1769-4AC6-96B1-A387D00876B8}.Release|x64.ActiveCfg = Release|x64
		{D3ED51C2-1769-4AC6-96B1-A387D00876B8}.Release|x64.Build.0 = Release|x64
		{D3ED51C2-1769-4AC6-96B1-A387D00876B8}.Release|x86.ActiveCfg = Release|Win32
		{D3ED51C2-1769-4AC6-96B1-A387D00876B8}.Release|x86.Build.0 = Release|Win32
	EndGlobalSection
	GlobalSection(SolutionProperties) = preSolution
		HideSolutionNode = FALSE
	EndGlobalSection
	GlobalSection(ExtensibilityGlobals) = postSolution
		SolutionGuid = {1F95D15D-6EAE-4D01-9BD8-3B8D80E794A5}
	EndGlobalSection
EndGlobal
